
Microsoft Visual Studio Solution File, Format Version 12.00
# Visual Studio Version 17
VisualStudioVersion = 17.9.34728.123
MinimumVisualStudioVersion = 10.0.40219.1
Project("{9A19103F-16F7-4668-BE54-9A1E7A4F7556}") = "GeometryLib", "GeometryLib.csproj", "{BEB6A723-6B36-4A3B-B5F3-77E6F1FFDD3B}"
EndProject
Project("{FAE04EC0-301F-11D3-BF4B-00C04F79EFBC}") = "GeometryApp", "..\GeometryApp\GeometryApp.csproj", "{B1A65A10-C8DD-40EB-8361-C750A023E5E1}"
EndProject
Project("{FAE04EC0-301F-11D3-BF4B-00C04F79EFBC}") = "GeometryLib.Tests", "..\GeometryLib.Tests\GeometryLib.Tests.csproj", "{DCD2D831-B69F-4BB9-91B9-E9E44A2131CC}"
EndProject
Global
	GlobalSection(SolutionConfigurationPlatforms) = preSolution
		Debug|Any CPU = Debug|Any CPU
		Release|Any CPU = Release|Any CPU
	EndGlobalSection
	GlobalSection(ProjectConfigurationPlatforms) = postSolution
		{BEB6A723-6B36-4A3B-B5F3-77E6F1FFDD3B}.Debug|Any CPU.ActiveCfg = Debug|Any CPU
		{BEB6A723-6B36-4A3B-B5F3-77E6F1FFDD3B}.Debug|Any CPU.Build.0 = Debug|Any CPU
		{BEB6A723-6B36-4A3B-B5F3-77E6F1FFDD3B}.Release|Any CPU.ActiveCfg = Release|Any CPU
		{BEB6A723-6B36-4A3B-B5F3-77E6F1FFDD3B}.Release|Any CPU.Build.0 = Release|Any CPU
		{B1A65A10-C8DD-40EB-8361-C750A023E5E1}.Debug|Any CPU.ActiveCfg = Debug|Any CPU
		{B1A65A10-C8DD-40EB-8361-C750A023E5E1}.Debug|Any CPU.Build.0 = Debug|Any CPU
		{B1A65A10-C8DD-40EB-8361-C750A023E5E1}.Release|Any CPU.ActiveCfg = Release|Any CPU
		{B1A65A10-C8DD-40EB-8361-C750A023E5E1}.Release|Any CPU.Build.0 = Release|Any CPU
		{DCD2D831-B69F-4BB9-91B9-E9E44A2131CC}.Debug|Any CPU.ActiveCfg = Debug|Any CPU
		{DCD2D831-B69F-4BB9-91B9-E9E44A2131CC}.Debug|Any CPU.Build.0 = Debug|Any CPU
		{DCD2D831-B69F-4BB9-91B9-E9E44A2131CC}.Release|Any CPU.ActiveCfg = Release|Any CPU
		{DCD2D831-B69F-4BB9-91B9-E9E44A2131CC}.Release|Any CPU.Build.0 = Release|Any CPU
	EndGlobalSection
	GlobalSection(SolutionProperties) = preSolution
		HideSolutionNode = FALSE
	EndGlobalSection
	GlobalSection(ExtensibilityGlobals) = postSolution
		SolutionGuid = {C4B813A7-8641-4F6D-93D4-BF8AC10B4205}
	EndGlobalSection
EndGlobal
